{
  "name": "youyao_app",
  "version": "1.0.0",
  "lockfileVersion": 2,
  "requires": true,
  "packages": {
    "": {
      "name": "youyao_app",
      "version": "1.0.0",
      "license": "ISC",
      "dependencies": {
        "cross-env": "^7.0.3",
        "html2canvas": "^1.3.3",
        "jweixin-module": "^1.6.0",
        "md5": "^2.3.0",
        "qiniu-js": "^3.4.0",
        "tki-qrcode": "^0.1.6",
        "uni-ajax": "^2.3.0",
        "uni-read-pages": "^1.0.5",
        "uni-simple-router": "^2.0.7",
        "weixin-js-sdk": "^1.6.0"
      }
    },
    "node_modules/@babel/runtime-corejs2": {
      "version": "7.16.3",
      "integrity": "sha512-VrmNH31CEUoR7kIel005qFMVUJpJm1VxfM7YUzVVc2jrxHCi/I6lBEJuqAcP9u9nEzmTD2RnSPhzfdupcSbnPQ==",
      "dependencies": {
        "core-js": "^2.6.5",
        "regenerator-runtime": "^0.13.4"
      },
      "engines": {
        "node": ">=6.9.0"
      }
    },
    "node_modules/base64-arraybuffer": {
      "version": "0.2.0",
      "resolved": "https://registry.npmjs.org/base64-arraybuffer/-/base64-arraybuffer-0.2.0.tgz",
      "integrity": "sha512-7emyCsu1/xiBXgQZrscw/8KPRT44I4Yq9Pe6EGs3aPRTsWuggML1/1DTuZUuIaJPIm1FTDUVXl4x/yW8s0kQDQ==",
      "engines": {
        "node": ">= 0.6.0"
      }
    },
    "node_modules/charenc": {
      "version": "0.0.2",
      "resolved": "https://registry.npmjs.org/charenc/-/charenc-0.0.2.tgz",
      "integrity": "sha1-wKHS86cJLgN3S/qD8UwPxXkKhmc=",
      "engines": {
        "node": "*"
      }
    },
    "node_modules/core-js": {
      "version": "2.6.12",
      "integrity": "sha512-Kb2wC0fvsWfQrgk8HU5lW6U/Lcs8+9aaYcy4ZFc6DDlo4nZ7n70dEgE5rtR0oG6ufKDUnrwfWL1mXR5ljDatrQ==",
      "deprecated": "core-js@<3.3 is no longer maintained and not recommended for usage due to the number of issues. Because of the V8 engine whims, feature detection in old core-js versions could cause a slowdown up to 100x even if nothing is polyfilled. Please, upgrade your dependencies to the actual version of core-js.",
      "hasInstallScript": true
    },
    "node_modules/cross-env": {
      "version": "7.0.3",
      "resolved": "https://registry.npmjs.org/cross-env/-/cross-env-7.0.3.tgz",
      "integrity": "sha512-+/HKd6EgcQCJGh2PSjZuUitQBQynKor4wrFbRg4DtAgS1aWO+gU52xpH7M9ScGgXSYmAVS9bIJ8EzuaGw0oNAw==",
      "dependencies": {
        "cross-spawn": "^7.0.1"
      },
      "bin": {
        "cross-env": "src/bin/cross-env.js",
        "cross-env-shell": "src/bin/cross-env-shell.js"
      },
      "engines": {
        "node": ">=10.14",
        "npm": ">=6",
        "yarn": ">=1"
      }
    },
    "node_modules/cross-spawn": {
      "version": "7.0.3",
      "resolved": "https://registry.npmjs.org/cross-spawn/-/cross-spawn-7.0.3.tgz",
      "integrity": "sha512-iRDPJKUPVEND7dHPO8rkbOnPpyDygcDFtWjpeWNCgy8WP2rXcxXL8TskReQl6OrB2G7+UJrags1q15Fudc7G6w==",
      "dependencies": {
        "path-key": "^3.1.0",
        "shebang-command": "^2.0.0",
        "which": "^2.0.1"
      },
      "engines": {
        "node": ">= 8"
      }
    },
    "node_modules/crypt": {
      "version": "0.0.2",
      "resolved": "https://registry.npmjs.org/crypt/-/crypt-0.0.2.tgz",
      "integrity": "sha1-iNf/fsDfuG9xPch7u0LQRNPmxBs=",
      "engines": {
        "node": "*"
      }
    },
    "node_modules/css-line-break": {
      "version": "2.0.1",
      "resolved": "https://registry.npmjs.org/css-line-break/-/css-line-break-2.0.1.tgz",
      "integrity": "sha512-gwKYIMUn7xodIcb346wgUhE2Dt5O1Kmrc16PWi8sL4FTfyDj8P5095rzH7+O8CTZudJr+uw2GCI/hwEkDJFI2w==",
      "dependencies": {
        "base64-arraybuffer": "^0.2.0"
      }
    },
    "node_modules/html2canvas": {
      "version": "1.3.3",
      "resolved": "https://registry.npmjs.org/html2canvas/-/html2canvas-1.3.3.tgz",
      "integrity": "sha512-nQi0ayEY1cMiUMbq/F5hRwMAqsRMo7NIP6VaCqaXnXO6b/FfZO49oSfIJjdyRha28EuY8D6FBCzQOXPQV0TCrA==",
      "dependencies": {
        "css-line-break": "2.0.1",
        "text-segmentation": "^1.0.2"
      },
      "engines": {
        "node": ">=8.0.0"
      }
    },
    "node_modules/is-buffer": {
      "version": "1.1.6",
      "resolved": "https://registry.npmjs.org/is-buffer/-/is-buffer-1.1.6.tgz",
      "integrity": "sha512-NcdALwpXkTm5Zvvbk7owOUSvVvBKDgKP5/ewfXEznmQFfs4ZRmanOeKBTjRVjka3QFoN6XJ+9F3USqfHqTaU5w=="
    },
    "node_modules/isexe": {
      "version": "2.0.0",
      "resolved": "https://registry.npmjs.org/isexe/-/isexe-2.0.0.tgz",
      "integrity": "sha1-6PvzdNxVb/iUehDcsFctYz8s+hA="
    },
    "node_modules/jweixin-module": {
      "version": "1.6.0",
      "integrity": "sha512-dGk9cf+ipipHmtzYmKZs5B2toX+p4hLyllGLF6xuC8t+B05oYxd8fYoaRz0T30U2n3RUv8a4iwvjhA+OcYz52w=="
    },
    "node_modules/md5": {
      "version": "2.3.0",
      "resolved": "https://registry.npmjs.org/md5/-/md5-2.3.0.tgz",
      "integrity": "sha512-T1GITYmFaKuO91vxyoQMFETst+O71VUPEU3ze5GNzDm0OWdP8v1ziTaAEPUr/3kLsY3Sftgz242A1SetQiDL7g==",
      "dependencies": {
        "charenc": "0.0.2",
        "crypt": "0.0.2",
        "is-buffer": "~1.1.6"
      }
    },
    "node_modules/path-key": {
      "version": "3.1.1",
      "resolved": "https://registry.npmjs.org/path-key/-/path-key-3.1.1.tgz",
      "integrity": "sha512-ojmeN0qd+y0jszEtoY48r0Peq5dwMEkIlCOu6Q5f41lfkswXuKtYrhgoTpLnyIcHm24Uhqx+5Tqm2InSwLhE6Q==",
      "engines": {
        "node": ">=8"
      }
    },
    "node_modules/qiniu-js": {
      "version": "3.4.0",
      "integrity": "sha512-QJ5ShXQkyPuhMXEruyLza3V++8crvDNLTFOXzuMXrnXCvwtEbP+MZyYo4D96HRXnSFb6lAJ9s2QdzW1W3LBiIQ==",
      "dependencies": {
        "@babel/runtime-corejs2": "^7.10.2",
        "querystring": "^0.2.1",
        "spark-md5": "^3.0.0"
      }
    },
    "node_modules/querystring": {
      "version": "0.2.1",
      "integrity": "sha512-wkvS7mL/JMugcup3/rMitHmd9ecIGd2lhFhK9N3UUQ450h66d1r3Y9nvXzQAW1Lq+wyx61k/1pfKS5KuKiyEbg==",
      "deprecated": "The querystring API is considered Legacy. new code should use the URLSearchParams API instead.",
      "engines": {
        "node": ">=0.4.x"
      }
    },
    "node_modules/regenerator-runtime": {
      "version": "0.13.9",
      "integrity": "sha512-p3VT+cOEgxFsRRA9X4lkI1E+k2/CtnKtU4gcxyaCUreilL/vqI6CdZ3wxVUx3UOUg+gnUOQQcRI7BmSI656MYA=="
    },
    "node_modules/shebang-command": {
      "version": "2.0.0",
      "resolved": "https://registry.npmjs.org/shebang-command/-/shebang-command-2.0.0.tgz",
      "integrity": "sha512-kHxr2zZpYtdmrN1qDjrrX/Z1rR1kG8Dx+gkpK1G4eXmvXswmcE1hTWBWYUzlraYw1/yZp6YuDY77YtvbN0dmDA==",
      "dependencies": {
        "shebang-regex": "^3.0.0"
      },
      "engines": {
        "node": ">=8"
      }
    },
    "node_modules/shebang-regex": {
      "version": "3.0.0",
      "resolved": "https://registry.npmjs.org/shebang-regex/-/shebang-regex-3.0.0.tgz",
      "integrity": "sha512-7++dFhtcx3353uBaq8DDR4NuxBetBzC7ZQOhmTQInHEd6bSrXdiEyzCvG07Z44UYdLShWUyXt5M/yhz8ekcb1A==",
      "engines": {
        "node": ">=8"
      }
    },
    "node_modules/spark-md5": {
      "version": "3.0.2",
      "integrity": "sha512-wcFzz9cDfbuqe0FZzfi2or1sgyIrsDwmPwfZC4hiNidPdPINjeUwNfv5kldczoEAcjl9Y1L3SM7Uz2PUEQzxQw=="
    },
    "node_modules/text-segmentation": {
      "version": "1.0.2",
      "resolved": "https://registry.npmjs.org/text-segmentation/-/text-segmentation-1.0.2.tgz",
      "integrity": "sha512-uTqvLxdBrVnx/CFQOtnf8tfzSXFm+1Qxau7Xi54j4OPTZokuDOX8qncQzrg2G8ZicAMOM8TgzFAYTb+AqNO4Cw==",
      "dependencies": {
        "utrie": "^1.0.1"
      }
    },
    "node_modules/tki-qrcode": {
      "version": "0.1.6",
      "resolved": "https://registry.npmjs.org/tki-qrcode/-/tki-qrcode-0.1.6.tgz",
      "integrity": "sha512-EnnlS8psowC7PsW3MDYcxvJYkuklX3WAZ/BYanR4TdBHTu74GfjTBX8Y16REP+AeDENiVtBPh4jtTRL2P736hQ=="
    },
    "node_modules/uni-ajax": {
      "version": "2.3.0",
      "resolved": "https://registry.npmjs.org/uni-ajax/-/uni-ajax-2.3.0.tgz",
      "integrity": "sha512-m59zPUUIMLfCJ5vOTiNYnl8BprBekchkmOnlhWJg1NcRAZ6zngaz/0eI22Ql8k2d+EFaNvLjljzciL4RBnBH2w=="
    },
    "node_modules/uni-read-pages": {
      "version": "1.0.5",
      "resolved": "https://registry.npmjs.org/uni-read-pages/-/uni-read-pages-1.0.5.tgz",
      "integrity": "sha512-GkrrZ0LX0vn9R5k6RKEi0Ez3Q3e2vUpjXQ8Z6/K/d28KudI9ajqgt8WEjQFlG5EPm1K6uTArN8LlqmZTEixDUA==",
      "hasInstallScript": true
    },
    "node_modules/uni-simple-router": {
      "version": "2.0.7",
      "resolved": "https://registry.npmjs.org/uni-simple-router/-/uni-simple-router-2.0.7.tgz",
      "integrity": "sha512-8FKv5dw7Eoonm0gkO8udprrxzin0fNUI0+AvIphFkFRH5ZmP5ZWJ2pvnWzb2NiiqQSECTSU5VSB7HhvOSwD5eA=="
    },
    "node_modules/utrie": {
      "version": "1.0.1",
      "resolved": "https://registry.npmjs.org/utrie/-/utrie-1.0.1.tgz",
      "integrity": "sha512-JPaDXF3vzgZxfeEwutdGzlrNoVFL5UvZcbO6Qo9D4GoahrieUPoMU8GCpVpR7MQqcKhmShIh8VlbEN3PLM3EBg==",
      "dependencies": {
        "base64-arraybuffer": "^1.0.1"
      }
    },
    "node_modules/utrie/node_modules/base64-arraybuffer": {
      "version": "1.0.1",
      "resolved": "https://registry.npmjs.org/base64-arraybuffer/-/base64-arraybuffer-1.0.1.tgz",
      "integrity": "sha512-vFIUq7FdLtjZMhATwDul5RZWv2jpXQ09Pd6jcVEOvIsqCWTRFD/ONHNfyOS8dA/Ippi5dsIgpyKWKZaAKZltbA==",
      "engines": {
        "node": ">= 0.6.0"
      }
    },
    "node_modules/weixin-js-sdk": {
      "version": "1.6.0",
      "integrity": "sha512-3IYQH7aalJGFJrwdT3epvTdR1MboMiH7vIZ5BRL2eYOJ12BNah7csoMkmSZzkq1+l92sSq29XdTCVjCJoK2sBQ=="
    },
    "node_modules/which": {
      "version": "2.0.2",
      "resolved": "https://registry.npmjs.org/which/-/which-2.0.2.tgz",
      "integrity": "sha512-BLI3Tl1TW3Pvl70l3yq3Y64i+awpwXqsGBYWkkqMtnbXgrMD+yj7rhW0kuEDxzJaYXGjEW5ogapKNMEKNMjibA==",
      "dependencies": {
        "isexe": "^2.0.0"
      },
      "bin": {
        "node-which": "bin/node-which"
      },
      "engines": {
        "node": ">= 8"
      }
    }
  },
  "dependencies": {
    "@babel/runtime-corejs2": {
      "version": "7.16.3",
      "integrity": "sha512-VrmNH31CEUoR7kIel005qFMVUJpJm1VxfM7YUzVVc2jrxHCi/I6lBEJuqAcP9u9nEzmTD2RnSPhzfdupcSbnPQ==",
      "requires": {
        "core-js": "^2.6.5",
        "regenerator-runtime": "^0.13.4"
      }
    },
    "base64-arraybuffer": {
      "version": "0.2.0",
      "resolved": "https://registry.npmjs.org/base64-arraybuffer/-/base64-arraybuffer-0.2.0.tgz",
      "integrity": "sha512-7emyCsu1/xiBXgQZrscw/8KPRT44I4Yq9Pe6EGs3aPRTsWuggML1/1DTuZUuIaJPIm1FTDUVXl4x/yW8s0kQDQ=="
    },
    "charenc": {
      "version": "0.0.2",
      "resolved": "https://registry.npmjs.org/charenc/-/charenc-0.0.2.tgz",
      "integrity": "sha1-wKHS86cJLgN3S/qD8UwPxXkKhmc="
    },
    "core-js": {
      "version": "2.6.12",
      "integrity": "sha512-Kb2wC0fvsWfQrgk8HU5lW6U/Lcs8+9aaYcy4ZFc6DDlo4nZ7n70dEgE5rtR0oG6ufKDUnrwfWL1mXR5ljDatrQ=="
    },
    "cross-env": {
      "version": "7.0.3",
      "resolved": "https://registry.npmjs.org/cross-env/-/cross-env-7.0.3.tgz",
      "integrity": "sha512-+/HKd6EgcQCJGh2PSjZuUitQBQynKor4wrFbRg4DtAgS1aWO+gU52xpH7M9ScGgXSYmAVS9bIJ8EzuaGw0oNAw==",
      "requires": {
        "cross-spawn": "^7.0.1"
      }
    },
    "cross-spawn": {
      "version": "7.0.3",
      "resolved": "https://registry.npmjs.org/cross-spawn/-/cross-spawn-7.0.3.tgz",
      "integrity": "sha512-iRDPJKUPVEND7dHPO8rkbOnPpyDygcDFtWjpeWNCgy8WP2rXcxXL8TskReQl6OrB2G7+UJrags1q15Fudc7G6w==",
      "requires": {
        "path-key": "^3.1.0",
        "shebang-command": "^2.0.0",
        "which": "^2.0.1"
      }
    },
    "crypt": {
      "version": "0.0.2",
      "resolved": "https://registry.npmjs.org/crypt/-/crypt-0.0.2.tgz",
      "integrity": "sha1-iNf/fsDfuG9xPch7u0LQRNPmxBs="
    },
    "css-line-break": {
      "version": "2.0.1",
      "resolved": "https://registry.npmjs.org/css-line-break/-/css-line-break-2.0.1.tgz",
      "integrity": "sha512-gwKYIMUn7xodIcb346wgUhE2Dt5O1Kmrc16PWi8sL4FTfyDj8P5095rzH7+O8CTZudJr+uw2GCI/hwEkDJFI2w==",
      "requires": {
        "base64-arraybuffer": "^0.2.0"
      }
    },
    "html2canvas": {
      "version": "1.3.3",
      "resolved": "https://registry.npmjs.org/html2canvas/-/html2canvas-1.3.3.tgz",
      "integrity": "sha512-nQi0ayEY1cMiUMbq/F5hRwMAqsRMo7NIP6VaCqaXnXO6b/FfZO49oSfIJjdyRha28EuY8D6FBCzQOXPQV0TCrA==",
      "requires": {
        "css-line-break": "2.0.1",
        "text-segmentation": "^1.0.2"
      }
    },
    "is-buffer": {
      "version": "1.1.6",
      "resolved": "https://registry.npmjs.org/is-buffer/-/is-buffer-1.1.6.tgz",
      "integrity": "sha512-NcdALwpXkTm5Zvvbk7owOUSvVvBKDgKP5/ewfXEznmQFfs4ZRmanOeKBTjRVjka3QFoN6XJ+9F3USqfHqTaU5w=="
    },
    "isexe": {
      "version": "2.0.0",
      "resolved": "https://registry.npmjs.org/isexe/-/isexe-2.0.0.tgz",
      "integrity": "sha1-6PvzdNxVb/iUehDcsFctYz8s+hA="
    },
    "jweixin-module": {
      "version": "1.6.0",
      "integrity": "sha512-dGk9cf+ipipHmtzYmKZs5B2toX+p4hLyllGLF6xuC8t+B05oYxd8fYoaRz0T30U2n3RUv8a4iwvjhA+OcYz52w=="
    },
    "md5": {
      "version": "2.3.0",
      "resolved": "https://registry.npmjs.org/md5/-/md5-2.3.0.tgz",
      "integrity": "sha512-T1GITYmFaKuO91vxyoQMFETst+O71VUPEU3ze5GNzDm0OWdP8v1ziTaAEPUr/3kLsY3Sftgz242A1SetQiDL7g==",
      "requires": {
        "charenc": "0.0.2",
        "crypt": "0.0.2",
        "is-buffer": "~1.1.6"
      }
    },
    "path-key": {
      "version": "3.1.1",
      "resolved": "https://registry.npmjs.org/path-key/-/path-key-3.1.1.tgz",
      "integrity": "sha512-ojmeN0qd+y0jszEtoY48r0Peq5dwMEkIlCOu6Q5f41lfkswXuKtYrhgoTpLnyIcHm24Uhqx+5Tqm2InSwLhE6Q=="
    },
    "qiniu-js": {
      "version": "3.4.0",
      "integrity": "sha512-QJ5ShXQkyPuhMXEruyLza3V++8crvDNLTFOXzuMXrnXCvwtEbP+MZyYo4D96HRXnSFb6lAJ9s2QdzW1W3LBiIQ==",
      "requires": {
        "@babel/runtime-corejs2": "^7.10.2",
        "querystring": "^0.2.1",
        "spark-md5": "^3.0.0"
      }
    },
    "querystring": {
      "version": "0.2.1",
      "integrity": "sha512-wkvS7mL/JMugcup3/rMitHmd9ecIGd2lhFhK9N3UUQ450h66d1r3Y9nvXzQAW1Lq+wyx61k/1pfKS5KuKiyEbg=="
    },
    "regenerator-runtime": {
      "version": "0.13.9",
      "integrity": "sha512-p3VT+cOEgxFsRRA9X4lkI1E+k2/CtnKtU4gcxyaCUreilL/vqI6CdZ3wxVUx3UOUg+gnUOQQcRI7BmSI656MYA=="
    },
    "shebang-command": {
      "version": "2.0.0",
      "resolved": "https://registry.npmjs.org/shebang-command/-/shebang-command-2.0.0.tgz",
      "integrity": "sha512-kHxr2zZpYtdmrN1qDjrrX/Z1rR1kG8Dx+gkpK1G4eXmvXswmcE1hTWBWYUzlraYw1/yZp6YuDY77YtvbN0dmDA==",
      "requires": {
        "shebang-regex": "^3.0.0"
      }
    },
    "shebang-regex": {
      "version": "3.0.0",
      "resolved": "https://registry.npmjs.org/shebang-regex/-/shebang-regex-3.0.0.tgz",
      "integrity": "sha512-7++dFhtcx3353uBaq8DDR4NuxBetBzC7ZQOhmTQInHEd6bSrXdiEyzCvG07Z44UYdLShWUyXt5M/yhz8ekcb1A=="
    },
    "spark-md5": {
      "version": "3.0.2",
      "integrity": "sha512-wcFzz9cDfbuqe0FZzfi2or1sgyIrsDwmPwfZC4hiNidPdPINjeUwNfv5kldczoEAcjl9Y1L3SM7Uz2PUEQzxQw=="
    },
    "text-segmentation": {
      "version": "1.0.2",
      "resolved": "https://registry.npmjs.org/text-segmentation/-/text-segmentation-1.0.2.tgz",
      "integrity": "sha512-uTqvLxdBrVnx/CFQOtnf8tfzSXFm+1Qxau7Xi54j4OPTZokuDOX8qncQzrg2G8ZicAMOM8TgzFAYTb+AqNO4Cw==",
      "requires": {
        "utrie": "^1.0.1"
      }
    },
    "tki-qrcode": {
      "version": "0.1.6",
      "resolved": "https://registry.npmjs.org/tki-qrcode/-/tki-qrcode-0.1.6.tgz",
      "integrity": "sha512-EnnlS8psowC7PsW3MDYcxvJYkuklX3WAZ/BYanR4TdBHTu74GfjTBX8Y16REP+AeDENiVtBPh4jtTRL2P736hQ=="
    },
    "uni-ajax": {
      "version": "2.3.0",
      "resolved": "https://registry.npmjs.org/uni-ajax/-/uni-ajax-2.3.0.tgz",
      "integrity": "sha512-m59zPUUIMLfCJ5vOTiNYnl8BprBekchkmOnlhWJg1NcRAZ6zngaz/0eI22Ql8k2d+EFaNvLjljzciL4RBnBH2w=="
    },
    "uni-read-pages": {
      "version": "1.0.5",
      "resolved": "https://registry.npmjs.org/uni-read-pages/-/uni-read-pages-1.0.5.tgz",
      "integrity": "sha512-GkrrZ0LX0vn9R5k6RKEi0Ez3Q3e2vUpjXQ8Z6/K/d28KudI9ajqgt8WEjQFlG5EPm1K6uTArN8LlqmZTEixDUA=="
    },
    "uni-simple-router": {
      "version": "2.0.7",
      "resolved": "https://registry.npmjs.org/uni-simple-router/-/uni-simple-router-2.0.7.tgz",
      "integrity": "sha512-8FKv5dw7Eoonm0gkO8udprrxzin0fNUI0+AvIphFkFRH5ZmP5ZWJ2pvnWzb2NiiqQSECTSU5VSB7HhvOSwD5eA=="
    },
    "utrie": {
      "version": "1.0.1",
      "resolved": "https://registry.npmjs.org/utrie/-/utrie-1.0.1.tgz",
      "integrity": "sha512-JPaDXF3vzgZxfeEwutdGzlrNoVFL5UvZcbO6Qo9D4GoahrieUPoMU8GCpVpR7MQqcKhmShIh8VlbEN3PLM3EBg==",
      "requires": {
        "base64-arraybuffer": "^1.0.1"
      },
      "dependencies": {
        "base64-arraybuffer": {
          "version": "1.0.1",
          "resolved": "https://registry.npmjs.org/base64-arraybuffer/-/base64-arraybuffer-1.0.1.tgz",
          "integrity": "sha512-vFIUq7FdLtjZMhATwDul5RZWv2jpXQ09Pd6jcVEOvIsqCWTRFD/ONHNfyOS8dA/Ippi5dsIgpyKWKZaAKZltbA=="
        }
      }
    },
    "weixin-js-sdk": {
      "version": "1.6.0",
      "integrity": "sha512-3IYQH7aalJGFJrwdT3epvTdR1MboMiH7vIZ5BRL2eYOJ12BNah7csoMkmSZzkq1+l92sSq29XdTCVjCJoK2sBQ=="
    },
    "which": {
      "version": "2.0.2",
      "resolved": "https://registry.npmjs.org/which/-/which-2.0.2.tgz",
      "integrity": "sha512-BLI3Tl1TW3Pvl70l3yq3Y64i+awpwXqsGBYWkkqMtnbXgrMD+yj7rhW0kuEDxzJaYXGjEW5ogapKNMEKNMjibA==",
      "requires": {
        "isexe": "^2.0.0"
      }
    }
  }
}
